
Microsoft Visual Studio Solution File, Format Version 11.00
# Visual Studio 2010
Project("{FAE04EC0-301F-11D3-BF4B-00C04F79EFBC}") = "Truefit.KnockoutDemo.Web", "Truefit.KnockoutDemo.Web\Truefit.KnockoutDemo.Web.csproj", "{624C9209-F750-44DC-A269-656ADDF7A05E}"
EndProject
Project("{FAE04EC0-301F-11D3-BF4B-00C04F79EFBC}") = "Truefit.KnockoutDemo.Domain", "Truefit.KnockoutDemo.Domain\Truefit.KnockoutDemo.Domain.csproj", "{FC3BF05C-EC51-4683-9CEC-B36BD4169F33}"
EndProject
Global
	GlobalSection(SolutionConfigurationPlatforms) = preSolution
		Debug|Any CPU = Debug|Any CPU
		Release|Any CPU = Release|Any CPU
	EndGlobalSection
	GlobalSection(ProjectConfigurationPlatforms) = postSolution
		{624C9209-F750-44DC-A269-656ADDF7A05E}.Debug|Any CPU.ActiveCfg = Debug|Any CPU
		{624C9209-F750-44DC-A269-656ADDF7A05E}.Debug|Any CPU.Build.0 = Debug|Any CPU
		{624C9209-F750-44DC-A269-656ADDF7A05E}.Release|Any CPU.ActiveCfg = Release|Any CPU
		{624C9209-F750-44DC-A269-656ADDF7A05E}.Release|Any CPU.Build.0 = Release|Any CPU
		{FC3BF05C-EC51-4683-9CEC-B36BD4169F33}.Debug|Any CPU.ActiveCfg = Debug|Any CPU
		{FC3BF05C-EC51-4683-9CEC-B36BD4169F33}.Debug|Any CPU.Build.0 = Debug|Any CPU
		{FC3BF05C-EC51-4683-9CEC-B36BD4169F33}.Release|Any CPU.ActiveCfg = Release|Any CPU
		{FC3BF05C-EC51-4683-9CEC-B36BD4169F33}.Release|Any CPU.Build.0 = Release|Any CPU
	EndGlobalSection
	GlobalSection(SolutionProperties) = preSolution
		HideSolutionNode = FALSE
	EndGlobalSection
EndGlobal
